
Microsoft Visual Studio Solution File, Format Version 12.00
# Visual Studio Version 16
VisualStudioVersion = 16.0.30621.155
MinimumVisualStudioVersion = 10.0.40219.1
Project("{FAE04EC0-301F-11D3-BF4B-00C04F79EFBC}") = "botcampDotNetApp", "botcampDotNetApp.csproj", "{39864E3E-58F3-49B8-BB68-FFD85A0C46BC}"
EndProject
Global
	GlobalSection(SolutionConfigurationPlatforms) = preSolution
		Debug|Any CPU = Debug|Any CPU
		Release|Any CPU = Release|Any CPU
	EndGlobalSection
	GlobalSection(ProjectConfigurationPlatforms) = postSolution
		{39864E3E-58F3-49B8-BB68-FFD85A0C46BC}.Debug|Any CPU.ActiveCfg = Debug|Any CPU
		{39864E3E-58F3-49B8-BB68-FFD85A0C46BC}.Debug|Any CPU.Build.0 = Debug|Any CPU
		{39864E3E-58F3-49B8-BB68-FFD85A0C46BC}.Release|Any CPU.ActiveCfg = Release|Any CPU
		{39864E3E-58F3-49B8-BB68-FFD85A0C46BC}.Release|Any CPU.Build.0 = Release|Any CPU
	EndGlobalSection
	GlobalSection(SolutionProperties) = preSolution
		HideSolutionNode = FALSE
	EndGlobalSection
	GlobalSection(ExtensibilityGlobals) = postSolution
		SolutionGuid = {0949A230-9CF9-4968-93F5-519F1B4EBA72}
	EndGlobalSection
EndGlobal
